
Microsoft Visual Studio Solution File, Format Version 12.00
# Visual Studio Version 17
VisualStudioVersion = 17.4.33213.308
MinimumVisualStudioVersion = 10.0.40219.1
Project("{FAE04EC0-301F-11D3-BF4B-00C04F79EFBC}") = "GameChroniclesApi", "GameChroniclesApi\GameChroniclesApi.csproj", "{6BF9F233-027C-4426-BB51-EFF0462BF315}"
EndProject
Global
	GlobalSection(SolutionConfigurationPlatforms) = preSolution
		Debug|Any CPU = Debug|Any CPU
		Release|Any CPU = Release|Any CPU
	EndGlobalSection
	GlobalSection(ProjectConfigurationPlatforms) = postSolution
		{6BF9F233-027C-4426-BB51-EFF0462BF315}.Debug|Any CPU.ActiveCfg = Debug|Any CPU
		{6BF9F233-027C-4426-BB51-EFF0462BF315}.Debug|Any CPU.Build.0 = Debug|Any CPU
		{6BF9F233-027C-4426-BB51-EFF0462BF315}.Release|Any CPU.ActiveCfg = Release|Any CPU
		{6BF9F233-027C-4426-BB51-EFF0462BF315}.Release|Any CPU.Build.0 = Release|Any CPU
	EndGlobalSection
	GlobalSection(SolutionProperties) = preSolution
		HideSolutionNode = FALSE
	EndGlobalSection
	GlobalSection(ExtensibilityGlobals) = postSolution
		SolutionGuid = {C0ED5E6F-ACA8-49C9-AAA9-07B71EDC6092}
	EndGlobalSection
EndGlobal
